
Microsoft Visual Studio Solution File, Format Version 12.00
# Visual Studio 2012
Project("{FAE04EC0-301F-11D3-BF4B-00C04F79EFBC}") = "FIK 1", "FIK 1.csproj", "{447851B9-FF46-44A0-A746-649C50082D39}"
EndProject
Project("{FAE04EC0-301F-11D3-BF4B-00C04F79EFBC}") = "FIK 2", "..\FIK 2\FIK 2.csproj", "{6C381D67-08A2-4C42-894B-0766C0D4AC8B}"
EndProject
Project("{FAE04EC0-301F-11D3-BF4B-00C04F79EFBC}") = "FIK 3", "..\FIK 3\FIK 3.csproj", "{59C7E880-F8CA-48CF-A213-2252A6CB1316}"
EndProject
Project("{FAE04EC0-301F-11D3-BF4B-00C04F79EFBC}") = "FIK 4", "..\FIK 4\FIK 4.csproj", "{B2EA93E2-6C8A-455B-843D-F3B9D6B72D15}"
EndProject
Project("{FAE04EC0-301F-11D3-BF4B-00C04F79EFBC}") = "FIK 5", "..\FIK 5\FIK 5.csproj", "{959EF54E-B701-47BE-A4F9-AA6668BC9C08}"
EndProject
Project("{FAE04EC0-301F-11D3-BF4B-00C04F79EFBC}") = "FIK 6", "..\FIK 6\FIK 6.csproj", "{38684F76-9380-4872-9478-F7AB08D7FF28}"
EndProject
Project("{FAE04EC0-301F-11D3-BF4B-00C04F79EFBC}") = "FIK 7", "..\FIK 7\FIK 7.csproj", "{1AC1F22D-7F82-47E9-B6E8-F517D52CB06F}"
EndProject
Global
	GlobalSection(SolutionConfigurationPlatforms) = preSolution
		Debug|Any CPU = Debug|Any CPU
		Release|Any CPU = Release|Any CPU
	EndGlobalSection
	GlobalSection(ProjectConfigurationPlatforms) = postSolution
		{447851B9-FF46-44A0-A746-649C50082D39}.Debug|Any CPU.ActiveCfg = Debug|Any CPU
		{447851B9-FF46-44A0-A746-649C50082D39}.Debug|Any CPU.Build.0 = Debug|Any CPU
		{447851B9-FF46-44A0-A746-649C50082D39}.Release|Any CPU.ActiveCfg = Release|Any CPU
		{447851B9-FF46-44A0-A746-649C50082D39}.Release|Any CPU.Build.0 = Release|Any CPU
		{6C381D67-08A2-4C42-894B-0766C0D4AC8B}.Debug|Any CPU.ActiveCfg = Debug|Any CPU
		{6C381D67-08A2-4C42-894B-0766C0D4AC8B}.Debug|Any CPU.Build.0 = Debug|Any CPU
		{6C381D67-08A2-4C42-894B-0766C0D4AC8B}.Release|Any CPU.ActiveCfg = Release|Any CPU
		{6C381D67-08A2-4C42-894B-0766C0D4AC8B}.Release|Any CPU.Build.0 = Release|Any CPU
		{59C7E880-F8CA-48CF-A213-2252A6CB1316}.Debug|Any CPU.ActiveCfg = Debug|Any CPU
		{59C7E880-F8CA-48CF-A213-2252A6CB1316}.Debug|Any CPU.Build.0 = Debug|Any CPU
		{59C7E880-F8CA-48CF-A213-2252A6CB1316}.Release|Any CPU.ActiveCfg = Release|Any CPU
		{59C7E880-F8CA-48CF-A213-2252A6CB1316}.Release|Any CPU.Build.0 = Release|Any CPU
		{B2EA93E2-6C8A-455B-843D-F3B9D6B72D15}.Debug|Any CPU.ActiveCfg = Debug|Any CPU
		{B2EA93E2-6C8A-455B-843D-F3B9D6B72D15}.Debug|Any CPU.Build.0 = Debug|Any CPU
		{B2EA93E2-6C8A-455B-843D-F3B9D6B72D15}.Release|Any CPU.ActiveCfg = Release|Any CPU
		{B2EA93E2-6C8A-455B-843D-F3B9D6B72D15}.Release|Any CPU.Build.0 = Release|Any CPU
		{959EF54E-B701-47BE-A4F9-AA6668BC9C08}.Debug|Any CPU.ActiveCfg = Debug|Any CPU
		{959EF54E-B701-47BE-A4F9-AA6668BC9C08}.Debug|Any CPU.Build.0 = Debug|Any CPU
		{959EF54E-B701-47BE-A4F9-AA6668BC9C08}.Release|Any CPU.ActiveCfg = Release|Any CPU
		{959EF54E-B701-47BE-A4F9-AA6668BC9C08}.Release|Any CPU.Build.0 = Release|Any CPU
		{38684F76-9380-4872-9478-F7AB08D7FF28}.Debug|Any CPU.ActiveCfg = Debug|Any CPU
		{38684F76-9380-4872-9478-F7AB08D7FF28}.Debug|Any CPU.Build.0 = Debug|Any CPU
		{38684F76-9380-4872-9478-F7AB08D7FF28}.Release|Any CPU.ActiveCfg = Release|Any CPU
		{38684F76-9380-4872-9478-F7AB08D7FF28}.Release|Any CPU.Build.0 = Release|Any CPU
		{1AC1F22D-7F82-47E9-B6E8-F517D52CB06F}.Debug|Any CPU.ActiveCfg = Debug|Any CPU
		{1AC1F22D-7F82-47E9-B6E8-F517D52CB06F}.Debug|Any CPU.Build.0 = Debug|Any CPU
		{1AC1F22D-7F82-47E9-B6E8-F517D52CB06F}.Release|Any CPU.ActiveCfg = Release|Any CPU
		{1AC1F22D-7F82-47E9-B6E8-F517D52CB06F}.Release|Any CPU.Build.0 = Release|Any CPU
	EndGlobalSection
	GlobalSection(SolutionProperties) = preSolution
		HideSolutionNode = FALSE
	EndGlobalSection
EndGlobal
